Microsoft Visual Studio Solution File, Format Version 12.00
# Visual Studio Version 17
VisualStudioVersion = 17.5.2.0
MinimumVisualStudioVersion = 10.0.40219.1
Project("{FAE04EC0-301F-11D3-BF4B-00C04F79EFBC}") = "tw-az-functions-platform", "tw-az-functions-platform.csproj", "{04B177E8-4653-0667-E701-D662BA07D340}"
EndProject
Project("{FAE04EC0-301F-11D3-BF4B-00C04F79EFBC}") = "Functions", "src\Functions\Functions.csproj", "{5B2F9A10-4D8E-4E68-9F12-8A3C4E2F1D56}"
EndProject
Project("{FAE04EC0-301F-11D3-BF4B-00C04F79EFBC}") = "SharedStorage", "SharedStorage\SharedStorage.csproj", "{DF23F9E0-4026-4E28-BAA9-74EE104CA28E}"
EndProject
Project("{FAE04EC0-301F-11D3-BF4B-00C04F79EFBC}") = "Utils", "Utils\Utils.csproj", "{A9CBDC67-C768-45A8-BC4F-9C5411148918}"
EndProject
Global
	GlobalSection(SolutionConfigurationPlatforms) = preSolution
		Debug|Any CPU = Debug|Any CPU
		Release|Any CPU = Release|Any CPU
	EndGlobalSection
	GlobalSection(ProjectConfigurationPlatforms) = postSolution
		{04B177E8-4653-0667-E701-D662BA07D340}.Debug|Any CPU.ActiveCfg = Debug|Any CPU
		{04B177E8-4653-0667-E701-D662BA07D340}.Debug|Any CPU.Build.0 = Debug|Any CPU
		{04B177E8-4653-0667-E701-D662BA07D340}.Release|Any CPU.ActiveCfg = Release|Any CPU
		{04B177E8-4653-0667-E701-D662BA07D340}.Release|Any CPU.Build.0 = Release|Any CPU
		{5B2F9A10-4D8E-4E68-9F12-8A3C4E2F1D56}.Debug|Any CPU.ActiveCfg = Debug|Any CPU
		{5B2F9A10-4D8E-4E68-9F12-8A3C4E2F1D56}.Debug|Any CPU.Build.0 = Debug|Any CPU
		{5B2F9A10-4D8E-4E68-9F12-8A3C4E2F1D56}.Release|Any CPU.ActiveCfg = Release|Any CPU
		{5B2F9A10-4D8E-4E68-9F12-8A3C4E2F1D56}.Release|Any CPU.Build.0 = Release|Any CPU
		{DF23F9E0-4026-4E28-BAA9-74EE104CA28E}.Debug|Any CPU.ActiveCfg = Debug|Any CPU
		{DF23F9E0-4026-4E28-BAA9-74EE104CA28E}.Debug|Any CPU.Build.0 = Debug|Any CPU
		{DF23F9E0-4026-4E28-BAA9-74EE104CA28E}.Release|Any CPU.ActiveCfg = Release|Any CPU
		{DF23F9E0-4026-4E28-BAA9-74EE104CA28E}.Release|Any CPU.Build.0 = Release|Any CPU
		{A9CBDC67-C768-45A8-BC4F-9C5411148918}.Debug|Any CPU.ActiveCfg = Debug|Any CPU
		{A9CBDC67-C768-45A8-BC4F-9C5411148918}.Debug|Any CPU.Build.0 = Debug|Any CPU
		{A9CBDC67-C768-45A8-BC4F-9C5411148918}.Release|Any CPU.ActiveCfg = Release|Any CPU
		{A9CBDC67-C768-45A8-BC4F-9C5411148918}.Release|Any CPU.Build.0 = Release|Any CPU
	EndGlobalSection
	GlobalSection(SolutionProperties) = preSolution
		HideSolutionNode = FALSE
	EndGlobalSection
	GlobalSection(ExtensibilityGlobals) = postSolution
		SolutionGuid = {C7F21AD0-4291-49EC-BBC5-D7ACEEB26D62}
	EndGlobalSection
EndGlobal
